
Microsoft Visual Studio Solution File, Format Version 12.00
# Visual Studio 15
VisualStudioVersion = 15.0.28307.438
MinimumVisualStudioVersion = 10.0.40219.1
Project("{FAE04EC0-301F-11D3-BF4B-00C04F79EFBC}") = "AppCambio.Android", "AppCambio\AppCambio.Android\AppCambio.Android.csproj", "{722D3E12-778D-46F6-931C-B7715A882952}"
EndProject
Project("{FAE04EC0-301F-11D3-BF4B-00C04F79EFBC}") = "AppCambio.iOS", "AppCambio\AppCambio.iOS\AppCambio.iOS.csproj", "{1179C890-D8C0-4DD6-8E10-81BE16423CAC}"
EndProject
Project("{FAE04EC0-301F-11D3-BF4B-00C04F79EFBC}") = "AppCambio.UWP", "AppCambio\AppCambio.UWP\AppCambio.UWP.csproj", "{62B2211A-DF96-44EE-868E-D2211A785034}"
EndProject
Project("{FAE04EC0-301F-11D3-BF4B-00C04F79EFBC}") = "AppCambio", "AppCambio\AppCambio\AppCambio.csproj", "{345B7C13-A26E-486F-90A3-17E9DC9468FD}"
EndProject
Global
	GlobalSection(SolutionConfigurationPlatforms) = preSolution
		Ad-Hoc|Any CPU = Ad-Hoc|Any CPU
		Ad-Hoc|ARM = Ad-Hoc|ARM
		Ad-Hoc|iPhone = Ad-Hoc|iPhone
		Ad-Hoc|iPhoneSimulator = Ad-Hoc|iPhoneSimulator
		Ad-Hoc|x64 = Ad-Hoc|x64
		Ad-Hoc|x86 = Ad-Hoc|x86
		AppStore|Any CPU = AppStore|Any CPU
		AppStore|ARM = AppStore|ARM
		AppStore|iPhone = AppStore|iPhone
		AppStore|iPhoneSimulator = AppStore|iPhoneSimulator
		AppStore|x64 = AppStore|x64
		AppStore|x86 = AppStore|x86
		Debug|Any CPU = Debug|Any CPU
		Debug|ARM = Debug|ARM
		Debug|iPhone = Debug|iPhone
		Debug|iPhoneSimulator = Debug|iPhoneSimulator
		Debug|x64 = Debug|x64
		Debug|x86 = Debug|x86
		Release|Any CPU = Release|Any CPU
		Release|ARM = Release|ARM
		Release|iPhone = Release|iPhone
		Release|iPhoneSimulator = Release|iPhoneSimulator
		Release|x64 = Release|x64
		Release|x86 = Release|x86
	EndGlobalSection
	GlobalSection(ProjectConfigurationPlatforms) = postSolution
		{722D3E12-778D-46F6-931C-B7715A882952}.Ad-Hoc|Any CPU.ActiveCfg = Release|Any CPU
		{722D3E12-778D-46F6-931C-B7715A882952}.Ad-Hoc|Any CPU.Build.0 = Release|Any CPU
		{722D3E12-778D-46F6-931C-B7715A882952}.Ad-Hoc|Any CPU.Deploy.0 = Release|Any CPU
		{722D3E12-778D-46F6-931C-B7715A882952}.Ad-Hoc|ARM.ActiveCfg = Release|Any CPU
		{722D3E12-778D-46F6-931C-B7715A882952}.Ad-Hoc|ARM.Build.0 = Release|Any CPU
		{722D3E12-778D-46F6-931C-B7715A882952}.Ad-Hoc|ARM.Deploy.0 = Release|Any CPU
		{722D3E12-778D-46F6-931C-B7715A882952}.Ad-Hoc|iPhone.ActiveCfg = Release|Any CPU
		{722D3E12-778D-46F6-931C-B7715A882952}.Ad-Hoc|iPhone.Build.0 = Release|Any CPU
		{722D3E12-778D-46F6-931C-B7715A882952}.Ad-Hoc|iPhone.Deploy.0 = Release|Any CPU
		{722D3E12-778D-46F6-931C-B7715A882952}.Ad-Hoc|iPhoneSimulator.ActiveCfg = Release|Any CPU
		{722D3E12-778D-46F6-931C-B7715A882952}.Ad-Hoc|iPhoneSimulator.Build.0 = Release|Any CPU
		{722D3E12-778D-46F6-931C-B7715A882952}.Ad-Hoc|iPhoneSimulator.Deploy.0 = Release|Any CPU
		{722D3E12-778D-46F6-931C-B7715A882952}.Ad-Hoc|x64.ActiveCfg = Release|Any CPU
		{722D3E12-778D-46F6-931C-B7715A882952}.Ad-Hoc|x64.Build.0 = Release|Any CPU
		{722D3E12-778D-46F6-931C-B7715A882952}.Ad-Hoc|x64.Deploy.0 = Release|Any CPU
		{722D3E12-778D-46F6-931C-B7715A882952}.Ad-Hoc|x86.ActiveCfg = Release|Any CPU
		{722D3E12-778D-46F6-931C-B7715A882952}.Ad-Hoc|x86.Build.0 = Release|Any CPU
		{722D3E12-778D-46F6-931C-B7715A882952}.Ad-Hoc|x86.Deploy.0 = Release|Any CPU
		{722D3E12-778D-46F6-931C-B7715A882952}.AppStore|Any CPU.ActiveCfg = Release|Any CPU
		{722D3E12-778D-46F6-931C-B7715A882952}.AppStore|Any CPU.Build.0 = Release|Any CPU
		{722D3E12-778D-46F6-931C-B7715A882952}.AppStore|Any CPU.Deploy.0 = Release|Any CPU
		{722D3E12-778D-46F6-931C-B7715A882952}.AppStore|ARM.ActiveCfg = Release|Any CPU
		{722D3E12-778D-46F6-931C-B7715A882952}.AppStore|ARM.Build.0 = Release|Any CPU
		{722D3E12-778D-46F6-931C-B7715A882952}.AppStore|ARM.Deploy.0 = Release|Any CPU
		{722D3E12-778D-46F6-931C-B7715A882952}.AppStore|iPhone.ActiveCfg = Release|Any CPU
		{722D3E12-778D-46F6-931C-B7715A882952}.AppStore|iPhone.Build.0 = Release|Any CPU
		{722D3E12-778D-46F6-931C-B7715A882952}.AppStore|iPhone.Deploy.0 = Release|Any CPU
		{722D3E12-778D-46F6-931C-B7715A882952}.AppStore|iPhoneSimulator.ActiveCfg = Release|Any CPU
		{722D3E12-778D-46F6-931C-B7715A882952}.AppStore|iPhoneSimulator.Build.0 = Release|Any CPU
		{722D3E12-778D-46F6-931C-B7715A882952}.AppStore|iPhoneSimulator.Deploy.0 = Release|Any CPU
		{722D3E12-778D-46F6-931C-B7715A882952}.AppStore|x64.ActiveCfg = Release|Any CPU
		{722D3E12-778D-46F6-931C-B7715A882952}.AppStore|x64.Build.0 = Release|Any CPU
		{722D3E12-778D-46F6-931C-B7715A882952}.AppStore|x64.Deploy.0 = Release|Any CPU
		{722D3E12-778D-46F6-931C-B7715A882952}.AppStore|x86.ActiveCfg = Release|Any CPU
		{722D3E12-778D-46F6-931C-B7715A882952}.AppStore|x86.Build.0 = Release|Any CPU
		{722D3E12-778D-46F6-931C-B7715A882952}.AppStore|x86.Deploy.0 = Release|Any CPU
		{722D3E12-778D-46F6-931C-B7715A882952}.Debug|Any CPU.ActiveCfg = Debug|Any CPU
		{722D3E12-778D-46F6-931C-B7715A882952}.Debug|Any CPU.Build.0 = Debug|Any CPU
		{722D3E12-778D-46F6-931C-B7715A882952}.Debug|Any CPU.Deploy.0 = Debug|Any CPU
		{722D3E12-778D-46F6-931C-B7715A882952}.Debug|ARM.ActiveCfg = Debug|Any CPU
		{722D3E12-778D-46F6-931C-B7715A882952}.Debug|ARM.Build.0 = Debug|Any CPU
		{722D3E12-778D-46F6-931C-B7715A882952}.Debug|ARM.Deploy.0 = Debug|Any CPU
		{722D3E12-778D-46F6-931C-B7715A882952}.Debug|iPhone.ActiveCfg = Debug|Any CPU
		{722D3E12-778D-46F6-931C-B7715A882952}.Debug|iPhone.Build.0 = Debug|Any CPU
		{722D3E12-778D-46F6-931C-B7715A882952}.Debug|iPhone.Deploy.0 = Debug|Any CPU
		{722D3E12-778D-46F6-931C-B7715A882952}.Debug|iPhoneSimulator.ActiveCfg = Debug|Any CPU
		{722D3E12-778D-46F6-931C-B7715A882952}.Debug|iPhoneSimulator.Build.0 = Debug|Any CPU
		{722D3E12-778D-46F6-931C-B7715A882952}.Debug|iPhoneSimulator.Deploy.0 = Debug|Any CPU
		{722D3E12-778D-46F6-931C-B7715A882952}.Debug|x64.ActiveCfg = Debug|Any CPU
		{722D3E12-778D-46F6-931C-B7715A882952}.Debug|x64.Build.0 = Debug|Any CPU
		{722D3E12-778D-46F6-931C-B7715A882952}.Debug|x64.Deploy.0 = Debug|Any CPU
		{722D3E12-778D-46F6-931C-B7715A882952}.Debug|x86.ActiveCfg = Debug|Any CPU
		{722D3E12-778D-46F6-931C-B7715A882952}.Debug|x86.Build.0 = Debug|Any CPU
		{722D3E12-778D-46F6-931C-B7715A882952}.Debug|x86.Deploy.0 = Debug|Any CPU
		{722D3E12-778D-46F6-931C-B7715A882952}.Release|Any CPU.ActiveCfg = Release|Any CPU
		{722D3E12-778D-46F6-931C-B7715A882952}.Release|Any CPU.Build.0 = Release|Any CPU
		{722D3E12-778D-46F6-931C-B7715A882952}.Release|Any CPU.Deploy.0 = Release|Any CPU
		{722D3E12-778D-46F6-931C-B7715A882952}.Release|ARM.ActiveCfg = Release|Any CPU
		{722D3E12-778D-46F6-931C-B7715A882952}.Release|ARM.Build.0 = Release|Any CPU
		{722D3E12-778D-46F6-931C-B7715A882952}.Release|ARM.Deploy.0 = Release|Any CPU
		{722D3E12-778D-46F6-931C-B7715A882952}.Release|iPhone.ActiveCfg = Release|Any CPU
		{722D3E12-778D-46F6-931C-B7715A882952}.Release|iPhone.Build.0 = Release|Any CPU
		{722D3E12-778D-46F6-931C-B7715A882952}.Release|iPhone.Deploy.0 = Release|Any CPU
		{722D3E12-778D-46F6-931C-B7715A882952}.Release|iPhoneSimulator.ActiveCfg = Release|Any CPU
		{722D3E12-778D-46F6-931C-B7715A882952}.Release|iPhoneSimulator.Build.0 = Release|Any CPU
		{722D3E12-778D-46F6-931C-B7715A882952}.Release|iPhoneSimulator.Deploy.0 = Release|Any CPU
		{722D3E12-778D-46F6-931C-B7715A882952}.Release|x64.ActiveCfg = Release|Any CPU
		{722D3E12-778D-46F6-931C-B7715A882952}.Release|x64.Build.0 = Release|Any CPU
		{722D3E12-778D-46F6-931C-B7715A882952}.Release|x64.Deploy.0 = Release|Any CPU
		{722D3E12-778D-46F6-931C-B7715A882952}.Release|x86.ActiveCfg = Release|Any CPU
		{722D3E12-778D-46F6-931C-B7715A882952}.Release|x86.Build.0 = Release|Any CPU
		{722D3E12-778D-46F6-931C-B7715A882952}.Release|x86.Deploy.0 = Release|Any CPU
		{1179C890-D8C0-4DD6-8E10-81BE16423CAC}.Ad-Hoc|Any CPU.ActiveCfg = Ad-Hoc|iPhone
		{1179C890-D8C0-4DD6-8E10-81BE16423CAC}.Ad-Hoc|Any CPU.Build.0 = Ad-Hoc|iPhone
		{1179C890-D8C0-4DD6-8E10-81BE16423CAC}.Ad-Hoc|Any CPU.Deploy.0 = Ad-Hoc|iPhone
		{1179C890-D8C0-4DD6-8E10-81BE16423CAC}.Ad-Hoc|ARM.ActiveCfg = Ad-Hoc|iPhone
		{1179C890-D8C0-4DD6-8E10-81BE16423CAC}.Ad-Hoc|ARM.Build.0 = Ad-Hoc|iPhone
		{1179C890-D8C0-4DD6-8E10-81BE16423CAC}.Ad-Hoc|ARM.Deploy.0 = Ad-Hoc|iPhone
		{1179C890-D8C0-4DD6-8E10-81BE16423CAC}.Ad-Hoc|iPhone.ActiveCfg = Ad-Hoc|iPhone
		{1179C890-D8C0-4DD6-8E10-81BE16423CAC}.Ad-Hoc|iPhone.Build.0 = Ad-Hoc|iPhone
		{1179C890-D8C0-4DD6-8E10-81BE16423CAC}.Ad-Hoc|iPhone.Deploy.0 = Ad-Hoc|iPhone
		{1179C890-D8C0-4DD6-8E10-81BE16423CAC}.Ad-Hoc|iPhoneSimulator.ActiveCfg = Ad-Hoc|iPhoneSimulator
		{1179C890-D8C0-4DD6-8E10-81BE16423CAC}.Ad-Hoc|iPhoneSimulator.Build.0 = Ad-Hoc|iPhoneSimulator
		{1179C890-D8C0-4DD6-8E10-81BE16423CAC}.Ad-Hoc|iPhoneSimulator.Deploy.0 = Ad-Hoc|iPhoneSimulator
		{1179C890-D8C0-4DD6-8E10-81BE16423CAC}.Ad-Hoc|x64.ActiveCfg = Ad-Hoc|iPhone
		{1179C890-D8C0-4DD6-8E10-81BE16423CAC}.Ad-Hoc|x64.Build.0 = Ad-Hoc|iPhone
		{1179C890-D8C0-4DD6-8E10-81BE16423CAC}.Ad-Hoc|x64.Deploy.0 = Ad-Hoc|iPhone
		{1179C890-D8C0-4DD6-8E10-81BE16423CAC}.Ad-Hoc|x86.ActiveCfg = Ad-Hoc|iPhone
		{1179C890-D8C0-4DD6-8E10-81BE16423CAC}.Ad-Hoc|x86.Build.0 = Ad-Hoc|iPhone
		{1179C890-D8C0-4DD6-8E10-81BE16423CAC}.Ad-Hoc|x86.Deploy.0 = Ad-Hoc|iPhone
		{1179C890-D8C0-4DD6-8E10-81BE16423CAC}.AppStore|Any CPU.ActiveCfg = AppStore|iPhone
		{1179C890-D8C0-4DD6-8E10-81BE16423CAC}.AppStore|Any CPU.Build.0 = AppStore|iPhone
		{1179C890-D8C0-4DD6-8E10-81BE16423CAC}.AppStore|Any CPU.Deploy.0 = AppStore|iPhone
		{1179C890-D8C0-4DD6-8E10-81BE16423CAC}.AppStore|ARM.ActiveCfg = AppStore|iPhone
		{1179C890-D8C0-4DD6-8E10-81BE16423CAC}.AppStore|ARM.Build.0 = AppStore|iPhone
		{1179C890-D8C0-4DD6-8E10-81BE16423CAC}.AppStore|ARM.Deploy.0 = AppStore|iPhone
		{1179C890-D8C0-4DD6-8E10-81BE16423CAC}.AppStore|iPhone.ActiveCfg = AppStore|iPhone
		{1179C890-D8C0-4DD6-8E10-81BE16423CAC}.AppStore|iPhone.Build.0 = AppStore|iPhone
		{1179C890-D8C0-4DD6-8E10-81BE16423CAC}.AppStore|iPhone.Deploy.0 = AppStore|iPhone
		{1179C890-D8C0-4DD6-8E10-81BE16423CAC}.AppStore|iPhoneSimulator.ActiveCfg = AppStore|iPhoneSimulator
		{1179C890-D8C0-4DD6-8E10-81BE16423CAC}.AppStore|iPhoneSimulator.Build.0 = AppStore|iPhoneSimulator
		{1179C890-D8C0-4DD6-8E10-81BE16423CAC}.AppStore|iPhoneSimulator.Deploy.0 = AppStore|iPhoneSimulator
		{1179C890-D8C0-4DD6-8E10-81BE16423CAC}.AppStore|x64.ActiveCfg = AppStore|iPhone
		{1179C890-D8C0-4DD6-8E10-81BE16423CAC}.AppStore|x64.Build.0 = AppStore|iPhone
		{1179C890-D8C0-4DD6-8E10-81BE16423CAC}.AppStore|x64.Deploy.0 = AppStore|iPhone
		{1179C890-D8C0-4DD6-8E10-81BE16423CAC}.AppStore|x86.ActiveCfg = AppStore|iPhone
		{1179C890-D8C0-4DD6-8E10-81BE16423CAC}.AppStore|x86.Build.0 = AppStore|iPhone
		{1179C890-D8C0-4DD6-8E10-81BE16423CAC}.AppStore|x86.Deploy.0 = AppStore|iPhone
		{1179C890-D8C0-4DD6-8E10-81BE16423CAC}.Debug|Any CPU.ActiveCfg = Debug|iPhoneSimulator
		{1179C890-D8C0-4DD6-8E10-81BE16423CAC}.Debug|Any CPU.Build.0 = Debug|iPhoneSimulator
		{1179C890-D8C0-4DD6-8E10-81BE16423CAC}.Debug|Any CPU.Deploy.0 = Debug|iPhoneSimulator
		{1179C890-D8C0-4DD6-8E10-81BE16423CAC}.Debug|ARM.ActiveCfg = Debug|iPhone
		{1179C890-D8C0-4DD6-8E10-81BE16423CAC}.Debug|ARM.Build.0 = Debug|iPhone
		{1179C890-D8C0-4DD6-8E10-81BE16423CAC}.Debug|ARM.Deploy.0 = Debug|iPhone
		{1179C890-D8C0-4DD6-8E10-81BE16423CAC}.Debug|iPhone.ActiveCfg = Debug|iPhone
		{1179C890-D8C0-4DD6-8E10-81BE16423CAC}.Debug|iPhone.Build.0 = Debug|iPhone
		{1179C890-D8C0-4DD6-8E10-81BE16423CAC}.Debug|iPhone.Deploy.0 = Debug|iPhone
		{1179C890-D8C0-4DD6-8E10-81BE16423CAC}.Debug|iPhoneSimulator.ActiveCfg = Debug|iPhoneSimulator
		{1179C890-D8C0-4DD6-8E10-81BE16423CAC}.Debug|iPhoneSimulator.Build.0 = Debug|iPhoneSimulator
		{1179C890-D8C0-4DD6-8E10-81BE16423CAC}.Debug|iPhoneSimulator.Deploy.0 = Debug|iPhoneSimulator
		{1179C890-D8C0-4DD6-8E10-81BE16423CAC}.Debug|x64.ActiveCfg = Debug|iPhone
		{1179C890-D8C0-4DD6-8E10-81BE16423CAC}.Debug|x64.Build.0 = Debug|iPhone
		{1179C890-D8C0-4DD6-8E10-81BE16423CAC}.Debug|x64.Deploy.0 = Debug|iPhone
		{1179C890-D8C0-4DD6-8E10-81BE16423CAC}.Debug|x86.ActiveCfg = Debug|iPhone
		{1179C890-D8C0-4DD6-8E10-81BE16423CAC}.Debug|x86.Build.0 = Debug|iPhone
		{1179C890-D8C0-4DD6-8E10-81BE16423CAC}.Debug|x86.Deploy.0 = Debug|iPhone
		{1179C890-D8C0-4DD6-8E10-81BE16423CAC}.Release|Any CPU.ActiveCfg = Release|iPhone
		{1179C890-D8C0-4DD6-8E10-81BE16423CAC}.Release|Any CPU.Build.0 = Release|iPhone
		{1179C890-D8C0-4DD6-8E10-81BE16423CAC}.Release|Any CPU.Deploy.0 = Release|iPhone
		{1179C890-D8C0-4DD6-8E10-81BE16423CAC}.Release|ARM.ActiveCfg = Release|iPhone
		{1179C890-D8C0-4DD6-8E10-81BE16423CAC}.Release|ARM.Build.0 = Release|iPhone
		{1179C890-D8C0-4DD6-8E10-81BE16423CAC}.Release|ARM.Deploy.0 = Release|iPhone
		{1179C890-D8C0-4DD6-8E10-81BE16423CAC}.Release|iPhone.ActiveCfg = Release|iPhone
		{1179C890-D8C0-4DD6-8E10-81BE16423CAC}.Release|iPhone.Build.0 = Release|iPhone
		{1179C890-D8C0-4DD6-8E10-81BE16423CAC}.Release|iPhone.Deploy.0 = Release|iPhone
		{1179C890-D8C0-4DD6-8E10-81BE16423CAC}.Release|iPhoneSimulator.ActiveCfg = Release|iPhoneSimulator
		{1179C890-D8C0-4DD6-8E10-81BE16423CAC}.Release|iPhoneSimulator.Build.0 = Release|iPhoneSimulator
		{1179C890-D8C0-4DD6-8E10-81BE16423CAC}.Release|iPhoneSimulator.Deploy.0 = Release|iPhoneSimulator
		{1179C890-D8C0-4DD6-8E10-81BE16423CAC}.Release|x64.ActiveCfg = Release|iPhone
		{1179C890-D8C0-4DD6-8E10-81BE16423CAC}.Release|x64.Build.0 = Release|iPhone
		{1179C890-D8C0-4DD6-8E10-81BE16423CAC}.Release|x64.Deploy.0 = Release|iPhone
		{1179C890-D8C0-4DD6-8E10-81BE16423CAC}.Release|x86.ActiveCfg = Release|iPhone
		{1179C890-D8C0-4DD6-8E10-81BE16423CAC}.Release|x86.Build.0 = Release|iPhone
		{1179C890-D8C0-4DD6-8E10-81BE16423CAC}.Release|x86.Deploy.0 = Release|iPhone
		{62B2211A-DF96-44EE-868E-D2211A785034}.Ad-Hoc|Any CPU.ActiveCfg = Release|x86
		{62B2211A-DF96-44EE-868E-D2211A785034}.Ad-Hoc|Any CPU.Build.0 = Release|x86
		{62B2211A-DF96-44EE-868E-D2211A785034}.Ad-Hoc|Any CPU.Deploy.0 = Release|x86
		{62B2211A-DF96-44EE-868E-D2211A785034}.Ad-Hoc|ARM.ActiveCfg = Release|ARM
		{62B2211A-DF96-44EE-868E-D2211A785034}.Ad-Hoc|ARM.Build.0 = Release|ARM
		{62B2211A-DF96-44EE-868E-D2211A785034}.Ad-Hoc|ARM.Deploy.0 = Release|ARM
		{62B2211A-DF96-44EE-868E-D2211A785034}.Ad-Hoc|iPhone.ActiveCfg = Release|x86
		{62B2211A-DF96-44EE-868E-D2211A785034}.Ad-Hoc|iPhone.Build.0 = Release|x86
		{62B2211A-DF96-44EE-868E-D2211A785034}.Ad-Hoc|iPhone.Deploy.0 = Release|x86
		{62B2211A-DF96-44EE-868E-D2211A785034}.Ad-Hoc|iPhoneSimulator.ActiveCfg = Release|x86
		{62B2211A-DF96-44EE-868E-D2211A785034}.Ad-Hoc|iPhoneSimulator.Build.0 = Release|x86
		{62B2211A-DF96-44EE-868E-D2211A785034}.Ad-Hoc|iPhoneSimulator.Deploy.0 = Release|x86
		{62B2211A-DF96-44EE-868E-D2211A785034}.Ad-Hoc|x64.ActiveCfg = Release|x64
		{62B2211A-DF96-44EE-868E-D2211A785034}.Ad-Hoc|x64.Build.0 = Release|x64
		{62B2211A-DF96-44EE-868E-D2211A785034}.Ad-Hoc|x64.Deploy.0 = Release|x64
		{62B2211A-DF96-44EE-868E-D2211A785034}.Ad-Hoc|x86.ActiveCfg = Release|x86
		{62B2211A-DF96-44EE-868E-D2211A785034}.Ad-Hoc|x86.Build.0 = Release|x86
		{62B2211A-DF96-44EE-868E-D2211A785034}.Ad-Hoc|x86.Deploy.0 = Release|x86
		{62B2211A-DF96-44EE-868E-D2211A785034}.AppStore|Any CPU.ActiveCfg = Release|x86
		{62B2211A-DF96-44EE-868E-D2211A785034}.AppStore|Any CPU.Build.0 = Release|x86
		{62B2211A-DF96-44EE-868E-D2211A785034}.AppStore|Any CPU.Deploy.0 = Release|x86
		{62B2211A-DF96-44EE-868E-D2211A785034}.AppStore|ARM.ActiveCfg = Release|ARM
		{62B2211A-DF96-44EE-868E-D2211A785034}.AppStore|ARM.Build.0 = Release|ARM
		{62B2211A-DF96-44EE-868E-D2211A785034}.AppStore|ARM.Deploy.0 = Release|ARM
		{62B2211A-DF96-44EE-868E-D2211A785034}.AppStore|iPhone.ActiveCfg = Release|x86
		{62B2211A-DF96-44EE-868E-D2211A785034}.AppStore|iPhone.Build.0 = Release|x86
		{62B2211A-DF96-44EE-868E-D2211A785034}.AppStore|iPhone.Deploy.0 = Release|x86
		{62B2211A-DF96-44EE-868E-D2211A785034}.AppStore|iPhoneSimulator.ActiveCfg = Release|x86
		{62B2211A-DF96-44EE-868E-D2211A785034}.AppStore|iPhoneSimulator.Build.0 = Release|x86
		{62B2211A-DF96-44EE-868E-D2211A785034}.AppStore|iPhoneSimulator.Deploy.0 = Release|x86
		{62B2211A-DF96-44EE-868E-D2211A785034}.AppStore|x64.ActiveCfg = Release|x64
		{62B2211A-DF96-44EE-868E-D2211A785034}.AppStore|x64.Build.0 = Release|x64
		{62B2211A-DF96-44EE-868E-D2211A785034}.AppStore|x64.Deploy.0 = Release|x64
		{62B2211A-DF96-44EE-868E-D2211A785034}.AppStore|x86.ActiveCfg = Release|x86
		{62B2211A-DF96-44EE-868E-D2211A785034}.AppStore|x86.Build.0 = Release|x86
		{62B2211A-DF96-44EE-868E-D2211A785034}.AppStore|x86.Deploy.0 = Release|x86
		{62B2211A-DF96-44EE-868E-D2211A785034}.Debug|Any CPU.ActiveCfg = Debug|x86
		{62B2211A-DF96-44EE-868E-D2211A785034}.Debug|Any CPU.Build.0 = Debug|x86
		{62B2211A-DF96-44EE-868E-D2211A785034}.Debug|Any CPU.Deploy.0 = Debug|x86
		{62B2211A-DF96-44EE-868E-D2211A785034}.Debug|ARM.ActiveCfg = Debug|ARM
		{62B2211A-DF96-44EE-868E-D2211A785034}.Debug|ARM.Build.0 = Debug|ARM
		{62B2211A-DF96-44EE-868E-D2211A785034}.Debug|ARM.Deploy.0 = Debug|ARM
		{62B2211A-DF96-44EE-868E-D2211A785034}.Debug|iPhone.ActiveCfg = Debug|x86
		{62B2211A-DF96-44EE-868E-D2211A785034}.Debug|iPhone.Build.0 = Debug|x86
		{62B2211A-DF96-44EE-868E-D2211A785034}.Debug|iPhone.Deploy.0 = Debug|x86
		{62B2211A-DF96-44EE-868E-D2211A785034}.Debug|iPhoneSimulator.ActiveCfg = Debug|x86
		{62B2211A-DF96-44EE-868E-D2211A785034}.Debug|iPhoneSimulator.Build.0 = Debug|x86
		{62B2211A-DF96-44EE-868E-D2211A785034}.Debug|iPhoneSimulator.Deploy.0 = Debug|x86
		{62B2211A-DF96-44EE-868E-D2211A785034}.Debug|x64.ActiveCfg = Debug|x64
		{62B2211A-DF96-44EE-868E-D2211A785034}.Debug|x64.Build.0 = Debug|x64
		{62B2211A-DF96-44EE-868E-D2211A785034}.Debug|x64.Deploy.0 = Debug|x64
		{62B2211A-DF96-44EE-868E-D2211A785034}.Debug|x86.ActiveCfg = Debug|x86
		{62B2211A-DF96-44EE-868E-D2211A785034}.Debug|x86.Build.0 = Debug|x86
		{62B2211A-DF96-44EE-868E-D2211A785034}.Debug|x86.Deploy.0 = Debug|x86
		{62B2211A-DF96-44EE-868E-D2211A785034}.Release|Any CPU.ActiveCfg = Release|x86
		{62B2211A-DF96-44EE-868E-D2211A785034}.Release|Any CPU.Build.0 = Release|x86
		{62B2211A-DF96-44EE-868E-D2211A785034}.Release|Any CPU.Deploy.0 = Release|x86
		{62B2211A-DF96-44EE-868E-D2211A785034}.Release|ARM.ActiveCfg = Release|ARM
		{62B2211A-DF96-44EE-868E-D2211A785034}.Release|ARM.Build.0 = Release|ARM
		{62B2211A-DF96-44EE-868E-D2211A785034}.Release|ARM.Deploy.0 = Release|ARM
		{62B2211A-DF96-44EE-868E-D2211A785034}.Release|iPhone.ActiveCfg = Release|x86
		{62B2211A-DF96-44EE-868E-D2211A785034}.Release|iPhone.Build.0 = Release|x86
		{62B2211A-DF96-44EE-868E-D2211A785034}.Release|iPhone.Deploy.0 = Release|x86
		{62B2211A-DF96-44EE-868E-D2211A785034}.Release|iPhoneSimulator.ActiveCfg = Release|x86
		{62B2211A-DF96-44EE-868E-D2211A785034}.Release|iPhoneSimulator.Build.0 = Release|x86
		{62B2211A-DF96-44EE-868E-D2211A785034}.Release|iPhoneSimulator.Deploy.0 = Release|x86
		{62B2211A-DF96-44EE-868E-D2211A785034}.Release|x64.ActiveCfg = Release|x64
		{62B2211A-DF96-44EE-868E-D2211A785034}.Release|x64.Build.0 = Release|x64
		{62B2211A-DF96-44EE-868E-D2211A785034}.Release|x64.Deploy.0 = Release|x64
		{62B2211A-DF96-44EE-868E-D2211A785034}.Release|x86.ActiveCfg = Release|x86
		{62B2211A-DF96-44EE-868E-D2211A785034}.Release|x86.Build.0 = Release|x86
		{62B2211A-DF96-44EE-868E-D2211A785034}.Release|x86.Deploy.0 = Release|x86
		{345B7C13-A26E-486F-90A3-17E9DC9468FD}.Ad-Hoc|Any CPU.ActiveCfg = Debug|Any CPU
		{345B7C13-A26E-486F-90A3-17E9DC9468FD}.Ad-Hoc|Any CPU.Build.0 = Debug|Any CPU
		{345B7C13-A26E-486F-90A3-17E9DC9468FD}.Ad-Hoc|Any CPU.Deploy.0 = Debug|Any CPU
		{345B7C13-A26E-486F-90A3-17E9DC9468FD}.Ad-Hoc|ARM.ActiveCfg = Debug|Any CPU
		{345B7C13-A26E-486F-90A3-17E9DC9468FD}.Ad-Hoc|ARM.Build.0 = Debug|Any CPU
		{345B7C13-A26E-486F-90A3-17E9DC9468FD}.Ad-Hoc|ARM.Deploy.0 = Debug|Any CPU
		{345B7C13-A26E-486F-90A3-17E9DC9468FD}.Ad-Hoc|iPhone.ActiveCfg = Debug|Any CPU
		{345B7C13-A26E-486F-90A3-17E9DC9468FD}.Ad-Hoc|iPhone.Build.0 = Debug|Any CPU
		{345B7C13-A26E-486F-90A3-17E9DC9468FD}.Ad-Hoc|iPhone.Deploy.0 = Debug|Any CPU
		{345B7C13-A26E-486F-90A3-17E9DC9468FD}.Ad-Hoc|iPhoneSimulator.ActiveCfg = Debug|Any CPU
		{345B7C13-A26E-486F-90A3-17E9DC9468FD}.Ad-Hoc|iPhoneSimulator.Build.0 = Debug|Any CPU
		{345B7C13-A26E-486F-90A3-17E9DC9468FD}.Ad-Hoc|iPhoneSimulator.Deploy.0 = Debug|Any CPU
		{345B7C13-A26E-486F-90A3-17E9DC9468FD}.Ad-Hoc|x64.ActiveCfg = Debug|Any CPU
		{345B7C13-A26E-486F-90A3-17E9DC9468FD}.Ad-Hoc|x64.Build.0 = Debug|Any CPU
		{345B7C13-A26E-486F-90A3-17E9DC9468FD}.Ad-Hoc|x64.Deploy.0 = Debug|Any CPU
		{345B7C13-A26E-486F-90A3-17E9DC9468FD}.Ad-Hoc|x86.ActiveCfg = Debug|Any CPU
		{345B7C13-A26E-486F-90A3-17E9DC9468FD}.Ad-Hoc|x86.Build.0 = Debug|Any CPU
		{345B7C13-A26E-486F-90A3-17E9DC9468FD}.Ad-Hoc|x86.Deploy.0 = Debug|Any CPU
		{345B7C13-A26E-486F-90A3-17E9DC9468FD}.AppStore|Any CPU.ActiveCfg = Debug|Any CPU
		{345B7C13-A26E-486F-90A3-17E9DC9468FD}.AppStore|Any CPU.Build.0 = Debug|Any CPU
		{345B7C13-A26E-486F-90A3-17E9DC9468FD}.AppStore|Any CPU.Deploy.0 = Debug|Any CPU
		{345B7C13-A26E-486F-90A3-17E9DC9468FD}.AppStore|ARM.ActiveCfg = Debug|Any CPU
		{345B7C13-A26E-486F-90A3-17E9DC9468FD}.AppStore|ARM.Build.0 = Debug|Any CPU
		{345B7C13-A26E-486F-90A3-17E9DC9468FD}.AppStore|ARM.Deploy.0 = Debug|Any CPU
		{345B7C13-A26E-486F-90A3-17E9DC9468FD}.AppStore|iPhone.ActiveCfg = Debug|Any CPU
		{345B7C13-A26E-486F-90A3-17E9DC9468FD}.AppStore|iPhone.Build.0 = Debug|Any CPU
		{345B7C13-A26E-486F-90A3-17E9DC9468FD}.AppStore|iPhone.Deploy.0 = Debug|Any CPU
		{345B7C13-A26E-486F-90A3-17E9DC9468FD}.AppStore|iPhoneSimulator.ActiveCfg = Debug|Any CPU
		{345B7C13-A26E-486F-90A3-17E9DC9468FD}.AppStore|iPhoneSimulator.Build.0 = Debug|Any CPU
		{345B7C13-A26E-486F-90A3-17E9DC9468FD}.AppStore|iPhoneSimulator.Deploy.0 = Debug|Any CPU
		{345B7C13-A26E-486F-90A3-17E9DC9468FD}.AppStore|x64.ActiveCfg = Debug|Any CPU
		{345B7C13-A26E-486F-90A3-17E9DC9468FD}.AppStore|x64.Build.0 = Debug|Any CPU
		{345B7C13-A26E-486F-90A3-17E9DC9468FD}.AppStore|x64.Deploy.0 = Debug|Any CPU
		{345B7C13-A26E-486F-90A3-17E9DC9468FD}.AppStore|x86.ActiveCfg = Debug|Any CPU
		{345B7C13-A26E-486F-90A3-17E9DC9468FD}.AppStore|x86.Build.0 = Debug|Any CPU
		{345B7C13-A26E-486F-90A3-17E9DC9468FD}.AppStore|x86.Deploy.0 = Debug|Any CPU
		{345B7C13-A26E-486F-90A3-17E9DC9468FD}.Debug|Any CPU.ActiveCfg = Debug|Any CPU
		{345B7C13-A26E-486F-90A3-17E9DC9468FD}.Debug|Any CPU.Build.0 = Debug|Any CPU
		{345B7C13-A26E-486F-90A3-17E9DC9468FD}.Debug|Any CPU.Deploy.0 = Debug|Any CPU
		{345B7C13-A26E-486F-90A3-17E9DC9468FD}.Debug|ARM.ActiveCfg = Debug|Any CPU
		{345B7C13-A26E-486F-90A3-17E9DC9468FD}.Debug|ARM.Build.0 = Debug|Any CPU
		{345B7C13-A26E-486F-90A3-17E9DC9468FD}.Debug|ARM.Deploy.0 = Debug|Any CPU
		{345B7C13-A26E-486F-90A3-17E9DC9468FD}.Debug|iPhone.ActiveCfg = Debug|Any CPU
		{345B7C13-A26E-486F-90A3-17E9DC9468FD}.Debug|iPhone.Build.0 = Debug|Any CPU
		{345B7C13-A26E-486F-90A3-17E9DC9468FD}.Debug|iPhone.Deploy.0 = Debug|Any CPU
		{345B7C13-A26E-486F-90A3-17E9DC9468FD}.Debug|iPhoneSimulator.ActiveCfg = Debug|Any CPU
		{345B7C13-A26E-486F-90A3-17E9DC9468FD}.Debug|iPhoneSimulator.Build.0 = Debug|Any CPU
		{345B7C13-A26E-486F-90A3-17E9DC9468FD}.Debug|iPhoneSimulator.Deploy.0 = Debug|Any CPU
		{345B7C13-A26E-486F-90A3-17E9DC9468FD}.Debug|x64.ActiveCfg = Debug|Any CPU
		{345B7C13-A26E-486F-90A3-17E9DC9468FD}.Debug|x64.Build.0 = Debug|Any CPU
		{345B7C13-A26E-486F-90A3-17E9DC9468FD}.Debug|x64.Deploy.0 = Debug|Any CPU
		{345B7C13-A26E-486F-90A3-17E9DC9468FD}.Debug|x86.ActiveCfg = Debug|Any CPU
		{345B7C13-A26E-486F-90A3-17E9DC9468FD}.Debug|x86.Build.0 = Debug|Any CPU
		{345B7C13-A26E-486F-90A3-17E9DC9468FD}.Debug|x86.Deploy.0 = Debug|Any CPU
		{345B7C13-A26E-486F-90A3-17E9DC9468FD}.Release|Any CPU.ActiveCfg = Release|Any CPU
		{345B7C13-A26E-486F-90A3-17E9DC9468FD}.Release|Any CPU.Build.0 = Release|Any CPU
		{345B7C13-A26E-486F-90A3-17E9DC9468FD}.Release|Any CPU.Deploy.0 = Release|Any CPU
		{345B7C13-A26E-486F-90A3-17E9DC9468FD}.Release|ARM.ActiveCfg = Release|Any CPU
		{345B7C13-A26E-486F-90A3-17E9DC9468FD}.Release|ARM.Build.0 = Release|Any CPU
		{345B7C13-A26E-486F-90A3-17E9DC9468FD}.Release|ARM.Deploy.0 = Release|Any CPU
		{345B7C13-A26E-486F-90A3-17E9DC9468FD}.Release|iPhone.ActiveCfg = Release|Any CPU
		{345B7C13-A26E-486F-90A3-17E9DC9468FD}.Release|iPhone.Build.0 = Release|Any CPU
		{345B7C13-A26E-486F-90A3-17E9DC9468FD}.Release|iPhone.Deploy.0 = Release|Any CPU
		{345B7C13-A26E-486F-90A3-17E9DC9468FD}.Release|iPhoneSimulator.ActiveCfg = Release|Any CPU
		{345B7C13-A26E-486F-90A3-17E9DC9468FD}.Release|iPhoneSimulator.Build.0 = Release|Any CPU
		{345B7C13-A26E-486F-90A3-17E9DC9468FD}.Release|iPhoneSimulator.Deploy.0 = Release|Any CPU
		{345B7C13-A26E-486F-90A3-17E9DC9468FD}.Release|x64.ActiveCfg = Release|Any CPU
		{345B7C13-A26E-486F-90A3-17E9DC9468FD}.Release|x64.Build.0 = Release|Any CPU
		{345B7C13-A26E-486F-90A3-17E9DC9468FD}.Release|x64.Deploy.0 = Release|Any CPU
		{345B7C13-A26E-486F-90A3-17E9DC9468FD}.Release|x86.ActiveCfg = Release|Any CPU
		{345B7C13-A26E-486F-90A3-17E9DC9468FD}.Release|x86.Build.0 = Release|Any CPU
		{345B7C13-A26E-486F-90A3-17E9DC9468FD}.Release|x86.Deploy.0 = Release|Any CPU
	EndGlobalSection
	GlobalSection(SolutionProperties) = preSolution
		HideSolutionNode = FALSE
	EndGlobalSection
	GlobalSection(ExtensibilityGlobals) = postSolution
		SolutionGuid = {E827FB2E-27A2-4813-B2E5-ADE878DD664E}
	EndGlobalSection
EndGlobal
